// !$*UTF8*$!
{
	archiveVersion = 1;
	classes = {
	};
	objectVersion = 46;
	objects = {

/* Begin PBXBuildFile section */
		379AA9B21EF8E58B00B50074 /* AppDelegate.swift in Sources */ = {isa = PBXBuildFile; fileRef = 379AA9B11EF8E58B00B50074 /* AppDelegate.swift */; };
		379AA9B41EF8E58B00B50074 /* ViewController.swift in Sources */ = {isa = PBXBuildFile; fileRef = 379AA9B31EF8E58B00B50074 /* ViewController.swift */; };
		379AA9B61EF8E58B00B50074 /* Assets.xcassets in Resources */ = {isa = PBXBuildFile; fileRef = 379AA9B51EF8E58B00B50074 /* Assets.xcassets */; };
		379AA9B91EF8E58B00B50074 /* Main.storyboard in Resources */ = {isa = PBXBuildFile; fileRef = 379AA9B71EF8E58B00B50074 /* Main.storyboard */; };
		379AA9C41EF8E58B00B50074 /* BindingLabelTextfieldTests.swift in Sources */ = {isa = PBXBuildFile; fileRef = 379AA9C31EF8E58B00B50074 /* BindingLabelTextfieldTests.swift */; };
		379AA9CF1EF8E58B00B50074 /* BindingLabelTextfieldUITests.swift in Sources */ = {isa = PBXBuildFile; fileRef = 379AA9CE1EF8E58B00B50074 /* BindingLabelTextfieldUITests.swift */; };
/* End PBXBuildFile section */

/* Begin PBXContainerItemProxy section */
		379AA9C01EF8E58B00B50074 /* PBXContainerItemProxy */ = {
			isa = PBXContainerItemProxy;
			containerPortal = 379AA9A61EF8E58B00B50074 /* Project object */;
			proxyType = 1;
			remoteGlobalIDString = 379AA9AD1EF8E58B00B50074;
			remoteInfo = BindingLabelTextfield;
		};
		379AA9CB1EF8E58B00B50074 /* PBXContainerItemProxy */ = {
			isa = PBXContainerItemProxy;
			containerPortal = 379AA9A61EF8E58B00B50074 /* Project object */;
			proxyType = 1;
			remoteGlobalIDString = 379AA9AD1EF8E58B00B50074;
			remoteInfo = BindingLabelTextfield;
		};
/* End PBXContainerItemProxy section */

/* Begin PBXFileReference section */
		379AA9AE1EF8E58B00B50074 /* BindingLabelTextfield.app */ = {isa = PBXFileReference; explicitFileType = wrapper.application; includeInIndex = 0; path = BindingLabelTextfield.app; sourceTree = BUILT_PRODUCTS_DIR; };
		379AA9B11EF8E58B00B50074 /* AppDelegate.swift */ = {isa = PBXFileReference; lastKnownFileType = sourcecode.swift; path = AppDelegate.swift; sourceTree = "<group>"; };
		379AA9B31EF8E58B00B50074 /* ViewController.swift */ = {isa = PBXFileReference; lastKnownFileType = sourcecode.swift; path = ViewController.swift; sourceTree = "<group>"; };
		379AA9B51EF8E58B00B50074 /* Assets.xcassets */ = {isa = PBXFileReference; lastKnownFileType = folder.assetcatalog; path = Assets.xcassets; sourceTree = "<group>"; };
		379AA9B81EF8E58B00B50074 /* Base */ = {isa = PBXFileReference; lastKnownFileType = file.storyboard; name = Base; path = Base.lproj/Main.storyboard; sourceTree = "<group>"; };
		379AA9BA1EF8E58B00B50074 /* Info.plist */ = {isa = PBXFileReference; lastKnownFileType = text.plist.xml; path = Info.plist; sourceTree = "<group>"; };
		379AA9BF1EF8E58B00B50074 /* BindingLabelTextfieldTests.xctest */ = {isa = PBXFileReference; explicitFileType = wrapper.cfbundle; includeInIndex = 0; path = BindingLabelTextfieldTests.xctest; sourceTree = BUILT_PRODUCTS_DIR; };
		379AA9C31EF8E58B00B50074 /* BindingLabelTextfieldTests.swift */ = {isa = PBXFileReference; lastKnownFileType = sourcecode.swift; path = BindingLabelTextfieldTests.swift; sourceTree = "<group>"; };
		379AA9C51EF8E58B00B50074 /* Info.plist */ = {isa = PBXFileReference; lastKnownFileType = text.plist.xml; path = Info.plist; sourceTree = "<group>"; };
		379AA9CA1EF8E58B00B50074 /* BindingLabelTextfieldUITests.xctest */ = {isa = PBXFileReference; explicitFileType = wrapper.cfbundle; includeInIndex = 0; path = BindingLabelTextfieldUITests.xctest; sourceTree = BUILT_PRODUCTS_DIR; };
		379AA9CE1EF8E58B00B50074 /* BindingLabelTextfieldUITests.swift */ = {isa = PBXFileReference; lastKnownFileType = sourcecode.swift; path = BindingLabelTextfieldUITests.swift; sourceTree = "<group>"; };
		379AA9D01EF8E58B00B50074 /* Info.plist */ = {isa = PBXFileReference; lastKnownFileType = text.plist.xml; path = Info.plist; sourceTree = "<group>"; };
/* End PBXFileReference section */

/* Begin PBXFrameworksBuildPhase section */
		379AA9AB1EF8E58B00B50074 /* Frameworks */ = {
			isa = PBXFrameworksBuildPhase;
			buildActionMask = 2147483647;
			files = (
			);
			runOnlyForDeploymentPostprocessing = 0;
		};
		379AA9BC1EF8E58B00B50074 /* Frameworks */ = {
			isa = PBXFrameworksBuildPhase;
			buildActionMask = 2147483647;
			files = (
			);
			runOnlyForDeploymentPostprocessing = 0;
		};
		379AA9C71EF8E58B00B50074 /* Frameworks */ = {
			isa = PBXFrameworksBuildPhase;
			buildActionMask = 2147483647;
			files = (
			);
			runOnlyForDeploymentPostprocessing = 0;
		};
/* End PBXFrameworksBuildPhase section */

/* Begin PBXGroup section */
		379AA9A51EF8E58B00B50074 = {
			isa = PBXGroup;
			children = (
				379AA9B01EF8E58B00B50074 /* BindingLabelTextfield */,
				379AA9C21EF8E58B00B50074 /* BindingLabelTextfieldTests */,
				379AA9CD1EF8E58B00B50074 /* BindingLabelTextfieldUITests */,
				379AA9AF1EF8E58B00B50074 /* Products */,
			);
			sourceTree = "<group>";
		};
		379AA9AF1EF8E58B00B50074 /* Products */ = {
			isa = PBXGroup;
			children = (
				379AA9AE1EF8E58B00B50074 /* BindingLabelTextfield.app */,
				379AA9BF1EF8E58B00B50074 /* BindingLabelTextfieldTests.xctest */,
				379AA9CA1EF8E58B00B50074 /* BindingLabelTextfieldUITests.xctest */,
			);
			name = Products;
			sourceTree = "<group>";
		};
		379AA9B01EF8E58B00B50074 /* BindingLabelTextfield */ = {
			isa = PBXGroup;
			children = (
				379AA9B11EF8E58B00B50074 /* AppDelegate.swift */,
				379AA9B31EF8E58B00B50074 /* ViewController.swift */,
				379AA9B51EF8E58B00B50074 /* Assets.xcassets */,
				379AA9B71EF8E58B00B50074 /* Main.storyboard */,
				379AA9BA1EF8E58B00B50074 /* Info.plist */,
			);
			path = BindingLabelTextfield;
			sourceTree = "<group>";
		};
		379AA9C21EF8E58B00B50074 /* BindingLabelTextfieldTests */ = {
			isa = PBXGroup;
			children = (
				379AA9C31EF8E58B00B50074 /* BindingLabelTextfieldTests.swift */,
				379AA9C51EF8E58B00B50074 /* Info.plist */,
			);
			path = BindingLabelTextfieldTests;
			sourceTree = "<group>";
		};
		379AA9CD1EF8E58B00B50074 /* BindingLabelTextfieldUITests */ = {
			isa = PBXGroup;
			children = (
				379AA9CE1EF8E58B00B50074 /* BindingLabelTextfieldUITests.swift */,
				379AA9D01EF8E58B00B50074 /* Info.plist */,
			);
			path = BindingLabelTextfieldUITests;
			sourceTree = "<group>";
		};
/* End PBXGroup section */

/* Begin PBXNativeTarget section */
		379AA9AD1EF8E58B00B50074 /* BindingLabelTextfield */ = {
			isa = PBXNativeTarget;
			buildConfigurationList = 379AA9D31EF8E58B00B50074 /* Build configuration list for PBXNativeTarget "BindingLabelTextfield" */;
			buildPhases = (
				379AA9AA1EF8E58B00B50074 /* Sources */,
				379AA9AB1EF8E58B00B50074 /* Frameworks */,
				379AA9AC1EF8E58B00B50074 /* Resources */,
			);
			buildRules = (
			);
			dependencies = (
			);
			name = BindingLabelTextfield;
			productName = BindingLabelTextfield;
			productReference = 379AA9AE1EF8E58B00B50074 /* BindingLabelTextfield.app */;
			productType = "com.apple.product-type.application";
		};
		379AA9BE1EF8E58B00B50074 /* BindingLabelTextfieldTests */ = {
			isa = PBXNativeTarget;
			buildConfigurationList = 379AA9D61EF8E58B00B50074 /* Build configuration list for PBXNativeTarget "BindingLabelTextfieldTests" */;
			buildPhases = (
				379AA9BB1EF8E58B00B50074 /* Sources */,
				379AA9BC1EF8E58B00B50074 /* Frameworks */,
				379AA9BD1EF8E58B00B50074 /* Resources */,
			);
			buildRules = (
			);
			dependencies = (
				379AA9C11EF8E58B00B50074 /* PBXTargetDependency */,
			);
			name = BindingLabelTextfieldTests;
			productName = BindingLabelTextfieldTests;
			productReference = 379AA9BF1EF8E58B00B50074 /* BindingLabelTextfieldTests.xctest */;
			productType = "com.apple.product-type.bundle.unit-test";
		};
		379AA9C91EF8E58B00B50074 /* BindingLabelTextfieldUITests */ = {
			isa = PBXNativeTarget;
			buildConfigurationList = 379AA9D91EF8E58B00B50074 /* Build configuration list for PBXNativeTarget "BindingLabelTextfieldUITests" */;
			buildPhases = (
				379AA9C61EF8E58B00B50074 /* Sources */,
				379AA9C71EF8E58B00B50074 /* Frameworks */,
				379AA9C81EF8E58B00B50074 /* Resources */,
			);
			buildRules = (
			);
			dependencies = (
				379AA9CC1EF8E58B00B50074 /* PBXTargetDependency */,
			);
			name = BindingLabelTextfieldUITests;
			productName = BindingLabelTextfieldUITests;
			productReference = 379AA9CA1EF8E58B00B50074 /* BindingLabelTextfieldUITests.xctest */;
			productType = "com.apple.product-type.bundle.ui-testing";
		};
/* End PBXNativeTarget section */

/* Begin PBXProject section */
		379AA9A61EF8E58B00B50074 /* Project object */ = {
			isa = PBXProject;
			attributes = {
				LastSwiftUpdateCheck = 0830;
				LastUpgradeCheck = 0830;
				ORGANIZATIONNAME = "avnish kumar";
				TargetAttributes = {
					379AA9AD1EF8E58B00B50074 = {
						CreatedOnToolsVersion = 8.3.2;
						ProvisioningStyle = Automatic;
					};
					379AA9BE1EF8E58B00B50074 = {
						CreatedOnToolsVersion = 8.3.2;
						ProvisioningStyle = Automatic;
						TestTargetID = 379AA9AD1EF8E58B00B50074;
					};
					379AA9C91EF8E58B00B50074 = {
						CreatedOnToolsVersion = 8.3.2;
						ProvisioningStyle = Automatic;
						TestTargetID = 379AA9AD1EF8E58B00B50074;
					};
				};
			};
			buildConfigurationList = 379AA9A91EF8E58B00B50074 /* Build configuration list for PBXProject "BindingLabelTextfield" */;
			compatibilityVersion = "Xcode 3.2";
			developmentRegion = English;
			hasScannedForEncodings = 0;
			knownRegions = (
				en,
				Base,
			);
			mainGroup = 379AA9A51EF8E58B00B50074;
			productRefGroup = 379AA9AF1EF8E58B00B50074 /* Products */;
			projectDirPath = "";
			projectRoot = "";
			targets = (
				379AA9AD1EF8E58B00B50074 /* BindingLabelTextfield */,
				379AA9BE1EF8E58B00B50074 /* BindingLabelTextfieldTests */,
				379AA9C91EF8E58B00B50074 /* BindingLabelTextfieldUITests */,
			);
		};
/* End PBXProject section */

/* Begin PBXResourcesBuildPhase section */
		379AA9AC1EF8E58B00B50074 /* Resources */ = {
			isa = PBXResourcesBuildPhase;
			buildActionMask = 2147483647;
			files = (
				379AA9B61EF8E58B00B50074 /* Assets.xcassets in Resources */,
				379AA9B91EF8E58B00B50074 /* Main.storyboard in Resources */,
			);
			runOnlyForDeploymentPostprocessing = 0;
		};
		379AA9BD1EF8E58B00B50074 /* Resources */ = {
			isa = PBXResourcesBuildPhase;
			buildActionMask = 2147483647;
			files = (
			);
			runOnlyForDeploymentPostprocessing = 0;
		};
		379AA9C81EF8E58B00B50074 /* Resources */ = {
			isa = PBXResourcesBuildPhase;
			buildActionMask = 2147483647;
			files = (
			);
			runOnlyForDeploymentPostprocessing = 0;
		};
/* End PBXResourcesBuildPhase section */

/* Begin PBXSourcesBuildPhase section */
		379AA9AA1EF8E58B00B50074 /* Sources */ = {
			isa = PBXSourcesBuildPhase;
			buildActionMask = 2147483647;
			files = (
				379AA9B41EF8E58B00B50074 /* ViewController.swift in Sources */,
				379AA9B21EF8E58B00B50074 /* AppDelegate.swift in Sources */,
			);
			runOnlyForDeploymentPostprocessing = 0;
		};
		379AA9BB1EF8E58B00B50074 /* Sources */ = {
			isa = PBXSourcesBuildPhase;
			buildActionMask = 2147483647;
			files = (
				379AA9C41EF8E58B00B50074 /* BindingLabelTextfieldTests.swift in Sources */,
			);
			runOnlyForDeploymentPostprocessing = 0;
		};
		379AA9C61EF8E58B00B50074 /* Sources */ = {
			isa = PBXSourcesBuildPhase;
			buildActionMask = 2147483647;
			files = (
				379AA9CF1EF8E58B00B50074 /* BindingLabelTextfieldUITests.swift in Sources */,
			);
			runOnlyForDeploymentPostprocessing = 0;
		};
/* End PBXSourcesBuildPhase section */

/* Begin PBXTargetDependency section */
		379AA9C11EF8E58B00B50074 /* PBXTargetDependency */ = {
			isa = PBXTargetDependency;
			target = 379AA9AD1EF8E58B00B50074 /* BindingLabelTextfield */;
			targetProxy = 379AA9C01EF8E58B00B50074 /* PBXContainerItemProxy */;
		};
		379AA9CC1EF8E58B00B50074 /* PBXTargetDependency */ = {
			isa = PBXTargetDependency;
			target = 379AA9AD1EF8E58B00B50074 /* BindingLabelTextfield */;
			targetProxy = 379AA9CB1EF8E58B00B50074 /* PBXContainerItemProxy */;
		};
/* End PBXTargetDependency section */

/* Begin PBXVariantGroup section */
		379AA9B71EF8E58B00B50074 /* Main.storyboard */ = {
			isa = PBXVariantGroup;
			children = (
				379AA9B81EF8E58B00B50074 /* Base */,
			);
			name = Main.storyboard;
			sourceTree = "<group>";
		};
/* End PBXVariantGroup section */

/* Begin XCBuildConfiguration section */
		379AA9D11EF8E58B00B50074 /* Debug */ = {
			isa = XCBuildConfiguration;
			buildSettings = {
				ALWAYS_SEARCH_USER_PATHS = NO;
				CLANG_ANALYZER_NONNULL = YES;
				CLANG_ANALYZER_NUMBER_OBJECT_CONVERSION = YES_AGGRESSIVE;
				CLANG_CXX_LANGUAGE_STANDARD = "gnu++0x";
				CLANG_CXX_LIBRARY = "libc++";
				CLANG_ENABLE_MODULES = YES;
				CLANG_ENABLE_OBJC_ARC = YES;
				CLANG_WARN_BOOL_CONVERSION = YES;
				CLANG_WARN_CONSTANT_CONVERSION = YES;
				CLANG_WARN_DIRECT_OBJC_ISA_USAGE = YES_ERROR;
				CLANG_WARN_DOCUMENTATION_COMMENTS = YES;
				CLANG_WARN_EMPTY_BODY = YES;
				CLANG_WARN_ENUM_CONVERSION = YES;
				CLANG_WARN_INFINITE_RECURSION = YES;
				CLANG_WARN_INT_CONVERSION = YES;
				CLANG_WARN_OBJC_ROOT_CLASS = YES_ERROR;
				CLANG_WARN_SUSPICIOUS_MOVE = YES;
				CLANG_WARN_UNREACHABLE_CODE = YES;
				CLANG_WARN__DUPLICATE_METHOD_MATCH = YES;
				CODE_SIGN_IDENTITY = "-";
				COPY_PHASE_STRIP = NO;
				DEBUG_INFORMATION_FORMAT = dwarf;
				ENABLE_STRICT_OBJC_MSGSEND = YES;
				ENABLE_TESTABILITY = YES;
				GCC_C_LANGUAGE_STANDARD = gnu99;
				GCC_DYNAMIC_NO_PIC = NO;
				GCC_NO_COMMON_BLOCKS = YES;
				GCC_OPTIMIZATION_LEVEL = 0;
				GCC_PREPROCESSOR_DEFINITIONS = (
					"DEBUG=1",
					"$(inherited)",
				);
				GCC_WARN_64_TO_32_BIT_CONVERSION = YES;
				GCC_WARN_ABOUT_RETURN_TYPE = YES_ERROR;
				GCC_WARN_UNDECLARED_SELECTOR = YES;
				GCC_WARN_UNINITIALIZED_AUTOS = YES_AGGRESSIVE;
				GCC_WARN_UNUSED_FUNCTION = YES;
				GCC_WARN_UNUSED_VARIABLE = YES;
				MACOSX_DEPLOYMENT_TARGET = 10.12;
				MTL_ENABLE_DEBUG_INFO = YES;
				ONLY_ACTIVE_ARCH = YES;
				SDKROOT = macosx;
				SWIFT_ACTIVE_COMPILATION_CONDITIONS = DEBUG;
				SWIFT_OPTIMIZATION_LEVEL = "-Onone";
			};
			name = Debug;
		};
		379AA9D21EF8E58B00B50074 /* Release */ = {
			isa = XCBuildConfiguration;
			buildSettings = {
				ALWAYS_SEARCH_USER_PATHS = NO;
				CLANG_ANALYZER_NONNULL = YES;
				CLANG_ANALYZER_NUMBER_OBJECT_CONVERSION = YES_AGGRESSIVE;
				CLANG_CXX_LANGUAGE_STANDARD = "gnu++0x";
				CLANG_CXX_LIBRARY = "libc++";
				CLANG_ENABLE_MODULES = YES;
				CLANG_ENABLE_OBJC_ARC = YES;
				CLANG_WARN_BOOL_CONVERSION = YES;
				CLANG_WARN_CONSTANT_CONVERSION = YES;
				CLANG_WARN_DIRECT_OBJC_ISA_USAGE = YES_ERROR;
				CLANG_WARN_DOCUMENTATION_COMMENTS = YES;
				CLANG_WARN_EMPTY_BODY = YES;
				CLANG_WARN_ENUM_CONVERSION = YES;
				CLANG_WARN_INFINITE_RECURSION = YES;
				CLANG_WARN_INT_CONVERSION = YES;
				CLANG_WARN_OBJC_ROOT_CLASS = YES_ERROR;
				CLANG_WARN_SUSPICIOUS_MOVE = YES;
				CLANG_WARN_UNREACHABLE_CODE = YES;
				CLANG_WARN__DUPLICATE_METHOD_MATCH = YES;
				CODE_SIGN_IDENTITY = "-";
				COPY_PHASE_STRIP = NO;
				DEBUG_INFORMATION_FORMAT = "dwarf-with-dsym";
				ENABLE_NS_ASSERTIONS = NO;
				ENABLE_STRICT_OBJC_MSGSEND = YES;
				GCC_C_LANGUAGE_STANDARD = gnu99;
				GCC_NO_COMMON_BLOCKS = YES;
				GCC_WARN_64_TO_32_BIT_CONVERSION = YES;
				GCC_WARN_ABOUT_RETURN_TYPE = YES_ERROR;
				GCC_WARN_UNDECLARED_SELECTOR = YES;
				GCC_WARN_UNINITIALIZED_AUTOS = YES_AGGRESSIVE;
				GCC_WARN_UNUSED_FUNCTION = YES;
				GCC_WARN_UNUSED_VARIABLE = YES;
				MACOSX_DEPLOYMENT_TARGET = 10.12;
				MTL_ENABLE_DEBUG_INFO = NO;
				SDKROOT = macosx;
				SWIFT_OPTIMIZATION_LEVEL = "-Owholemodule";
			};
			name = Release;
		};
		379AA9D41EF8E58B00B50074 /* Debug */ = {
			isa = XCBuildConfiguration;
			buildSettings = {
				ASSETCATALOG_COMPILER_APPICON_NAME = AppIcon;
				COMBINE_HIDPI_IMAGES = YES;
				INFOPLIST_FILE = BindingLabelTextfield/Info.plist;
				LD_RUNPATH_SEARCH_PATHS = "$(inherited) @executable_path/../Frameworks";
				PRODUCT_BUNDLE_IDENTIFIER = com.exilant.BindingLabelTextfield;
				PRODUCT_NAME = "$(TARGET_NAME)";
				SWIFT_VERSION = 3.0;
			};
			name = Debug;
		};
		379AA9D51EF8E58B00B50074 /* Release */ = {
			isa = XCBuildConfiguration;
			buildSettings = {
				ASSETCATALOG_COMPILER_APPICON_NAME = AppIcon;
				COMBINE_HIDPI_IMAGES = YES;
				INFOPLIST_FILE = BindingLabelTextfield/Info.plist;
				LD_RUNPATH_SEARCH_PATHS = "$(inherited) @executable_path/../Frameworks";
				PRODUCT_BUNDLE_IDENTIFIER = com.exilant.BindingLabelTextfield;
				PRODUCT_NAME = "$(TARGET_NAME)";
				SWIFT_VERSION = 3.0;
			};
			name = Release;
		};
		379AA9D71EF8E58B00B50074 /* Debug */ = {
			isa = XCBuildConfiguration;
			buildSettings = {
				ALWAYS_EMBED_SWIFT_STANDARD_LIBRARIES = YES;
				BUNDLE_LOADER = "$(TEST_HOST)";
				COMBINE_HIDPI_IMAGES = YES;
				INFOPLIST_FILE = BindingLabelTextfieldTests/Info.plist;
				LD_RUNPATH_SEARCH_PATHS = "$(inherited) @executable_path/../Frameworks @loader_path/../Frameworks";
				PRODUCT_BUNDLE_IDENTIFIER = com.exilant.BindingLabelTextfieldTests;
				PRODUCT_NAME = "$(TARGET_NAME)";
				SWIFT_VERSION = 3.0;
				TEST_HOST = "$(BUILT_PRODUCTS_DIR)/BindingLabelTextfield.app/Contents/MacOS/BindingLabelTextfield";
			};
			name = Debug;
		};
		379AA9D81EF8E58B00B50074 /* Release */ = {
			isa = XCBuildConfiguration;
			buildSettings = {
				ALWAYS_EMBED_SWIFT_STANDARD_LIBRARIES = YES;
				BUNDLE_LOADER = "$(TEST_HOST)";
				COMBINE_HIDPI_IMAGES = YES;
				INFOPLIST_FILE = BindingLabelTextfieldTests/Info.plist;
				LD_RUNPATH_SEARCH_PATHS = "$(inherited) @executable_path/../Frameworks @loader_path/../Frameworks";
				PRODUCT_BUNDLE_IDENTIFIER = com.exilant.BindingLabelTextfieldTests;
				PRODUCT_NAME = "$(TARGET_NAME)";
				SWIFT_VERSION = 3.0;
				TEST_HOST = "$(BUILT_PRODUCTS_DIR)/BindingLabelTextfield.app/Contents/MacOS/BindingLabelTextfield";
			};
			name = Release;
		};
		379AA9DA1EF8E58B00B50074 /* Debug */ = {
			isa = XCBuildConfiguration;
			buildSettings = {
				ALWAYS_EMBED_SWIFT_STANDARD_LIBRARIES = YES;
				COMBINE_HIDPI_IMAGES = YES;
				INFOPLIST_FILE = BindingLabelTextfieldUITests/Info.plist;
				LD_RUNPATH_SEARCH_PATHS = "$(inherited) @executable_path/../Frameworks @loader_path/../Frameworks";
				PRODUCT_BUNDLE_IDENTIFIER = com.exilant.BindingLabelTextfieldUITests;
				PRODUCT_NAME = "$(TARGET_NAME)";
				SWIFT_VERSION = 3.0;
				TEST_TARGET_NAME = BindingLabelTextfield;
			};
			name = Debug;
		};
		379AA9DB1EF8E58B00B50074 /* Release */ = {
			isa = XCBuildConfiguration;
			buildSettings = {
				ALWAYS_EMBED_SWIFT_STANDARD_LIBRARIES = YES;
				COMBINE_HIDPI_IMAGES = YES;
				INFOPLIST_FILE = BindingLabelTextfieldUITests/Info.plist;
				LD_RUNPATH_SEARCH_PATHS = "$(inherited) @executable_path/../Frameworks @loader_path/../Frameworks";
				PRODUCT_BUNDLE_IDENTIFIER = com.exilant.BindingLabelTextfieldUITests;
				PRODUCT_NAME = "$(TARGET_NAME)";
				SWIFT_VERSION = 3.0;
				TEST_TARGET_NAME = BindingLabelTextfield;
			};
			name = Release;
		};
/* End XCBuildConfiguration section */

/* Begin XCConfigurationList section */
		379AA9A91EF8E58B00B50074 /* Build configuration list for PBXProject "BindingLabelTextfield" */ = {
			isa = XCConfigurationList;
			buildConfigurations = (
				379AA9D11EF8E58B00B50074 /* Debug */,
				379AA9D21EF8E58B00B50074 /* Release */,
			);
			defaultConfigurationIsVisible = 0;
			defaultConfigurationName = Release;
		};
		379AA9D31EF8E58B00B50074 /* Build configuration list for PBXNativeTarget "BindingLabelTextfield" */ = {
			isa = XCConfigurationList;
			buildConfigurations = (
				379AA9D41EF8E58B00B50074 /* Debug */,
				379AA9D51EF8E58B00B50074 /* Release */,
			);
			defaultConfigurationIsVisible = 0;
		};
		379AA9D61EF8E58B00B50074 /* Build configuration list for PBXNativeTarget "BindingLabelTextfieldTests" */ = {
			isa = XCConfigurationList;
			buildConfigurations = (
				379AA9D71EF8E58B00B50074 /* Debug */,
				379AA9D81EF8E58B00B50074 /* Release */,
			);
			defaultConfigurationIsVisible = 0;
		};
		379AA9D91EF8E58B00B50074 /* Build configuration list for PBXNativeTarget "BindingLabelTextfieldUITests" */ = {
			isa = XCConfigurationList;
			buildConfigurations = (
				379AA9DA1EF8E58B00B50074 /* Debug */,
				379AA9DB1EF8E58B00B50074 /* Release */,
			);
			defaultConfigurationIsVisible = 0;
		};
/* End XCConfigurationList section */
	};
	rootObject = 379AA9A61EF8E58B00B50074 /* Project object */;
}
