// !$*UTF8*$!
{
	archiveVersion = 1;
	classes = {
	};
	objectVersion = 46;
	objects = {

/* Begin PBXBuildFile section */
		370F0A971EF7AE7200A1A5A9 /* AddEmployeeViewController.swift in Sources */ = {isa = PBXBuildFile; fileRef = 370F0A961EF7AE7200A1A5A9 /* AddEmployeeViewController.swift */; };
		37D3B3881EF3BCAE00308B4B /* AppDelegate.swift in Sources */ = {isa = PBXBuildFile; fileRef = 37D3B3871EF3BCAE00308B4B /* AppDelegate.swift */; };
		37D3B38A1EF3BCAE00308B4B /* ViewController.swift in Sources */ = {isa = PBXBuildFile; fileRef = 37D3B3891EF3BCAE00308B4B /* ViewController.swift */; };
		37D3B38D1EF3BCAE00308B4B /* CoreDataExample.xcdatamodeld in Sources */ = {isa = PBXBuildFile; fileRef = 37D3B38B1EF3BCAE00308B4B /* CoreDataExample.xcdatamodeld */; };
		37D3B38F1EF3BCAE00308B4B /* Assets.xcassets in Resources */ = {isa = PBXBuildFile; fileRef = 37D3B38E1EF3BCAE00308B4B /* Assets.xcassets */; };
		37D3B3921EF3BCAE00308B4B /* Main.storyboard in Resources */ = {isa = PBXBuildFile; fileRef = 37D3B3901EF3BCAE00308B4B /* Main.storyboard */; };
		37D3B39D1EF3BCAE00308B4B /* CoreDataExampleTests.swift in Sources */ = {isa = PBXBuildFile; fileRef = 37D3B39C1EF3BCAE00308B4B /* CoreDataExampleTests.swift */; };
		37D3B3A81EF3BCAE00308B4B /* CoreDataExampleUITests.swift in Sources */ = {isa = PBXBuildFile; fileRef = 37D3B3A71EF3BCAE00308B4B /* CoreDataExampleUITests.swift */; };
/* End PBXBuildFile section */

/* Begin PBXContainerItemProxy section */
		37D3B3991EF3BCAE00308B4B /* PBXContainerItemProxy */ = {
			isa = PBXContainerItemProxy;
			containerPortal = 37D3B37C1EF3BCAE00308B4B /* Project object */;
			proxyType = 1;
			remoteGlobalIDString = 37D3B3831EF3BCAE00308B4B;
			remoteInfo = CoreDataExample;
		};
		37D3B3A41EF3BCAE00308B4B /* PBXContainerItemProxy */ = {
			isa = PBXContainerItemProxy;
			containerPortal = 37D3B37C1EF3BCAE00308B4B /* Project object */;
			proxyType = 1;
			remoteGlobalIDString = 37D3B3831EF3BCAE00308B4B;
			remoteInfo = CoreDataExample;
		};
/* End PBXContainerItemProxy section */

/* Begin PBXFileReference section */
		370F0A961EF7AE7200A1A5A9 /* AddEmployeeViewController.swift */ = {isa = PBXFileReference; fileEncoding = 4; lastKnownFileType = sourcecode.swift; path = AddEmployeeViewController.swift; sourceTree = "<group>"; };
		37D3B3841EF3BCAE00308B4B /* CoreDataExample.app */ = {isa = PBXFileReference; explicitFileType = wrapper.application; includeInIndex = 0; path = CoreDataExample.app; sourceTree = BUILT_PRODUCTS_DIR; };
		37D3B3871EF3BCAE00308B4B /* AppDelegate.swift */ = {isa = PBXFileReference; lastKnownFileType = sourcecode.swift; path = AppDelegate.swift; sourceTree = "<group>"; };
		37D3B3891EF3BCAE00308B4B /* ViewController.swift */ = {isa = PBXFileReference; lastKnownFileType = sourcecode.swift; path = ViewController.swift; sourceTree = "<group>"; };
		37D3B38C1EF3BCAE00308B4B /* CoreDataExample.xcdatamodel */ = {isa = PBXFileReference; lastKnownFileType = wrapper.xcdatamodel; path = CoreDataExample.xcdatamodel; sourceTree = "<group>"; };
		37D3B38E1EF3BCAE00308B4B /* Assets.xcassets */ = {isa = PBXFileReference; lastKnownFileType = folder.assetcatalog; path = Assets.xcassets; sourceTree = "<group>"; };
		37D3B3911EF3BCAE00308B4B /* Base */ = {isa = PBXFileReference; lastKnownFileType = file.storyboard; name = Base; path = Base.lproj/Main.storyboard; sourceTree = "<group>"; };
		37D3B3931EF3BCAE00308B4B /* Info.plist */ = {isa = PBXFileReference; lastKnownFileType = text.plist.xml; path = Info.plist; sourceTree = "<group>"; };
		37D3B3981EF3BCAE00308B4B /* CoreDataExampleTests.xctest */ = {isa = PBXFileReference; explicitFileType = wrapper.cfbundle; includeInIndex = 0; path = CoreDataExampleTests.xctest; sourceTree = BUILT_PRODUCTS_DIR; };
		37D3B39C1EF3BCAE00308B4B /* CoreDataExampleTests.swift */ = {isa = PBXFileReference; lastKnownFileType = sourcecode.swift; path = CoreDataExampleTests.swift; sourceTree = "<group>"; };
		37D3B39E1EF3BCAE00308B4B /* Info.plist */ = {isa = PBXFileReference; lastKnownFileType = text.plist.xml; path = Info.plist; sourceTree = "<group>"; };
		37D3B3A31EF3BCAE00308B4B /* CoreDataExampleUITests.xctest */ = {isa = PBXFileReference; explicitFileType = wrapper.cfbundle; includeInIndex = 0; path = CoreDataExampleUITests.xctest; sourceTree = BUILT_PRODUCTS_DIR; };
		37D3B3A71EF3BCAE00308B4B /* CoreDataExampleUITests.swift */ = {isa = PBXFileReference; lastKnownFileType = sourcecode.swift; path = CoreDataExampleUITests.swift; sourceTree = "<group>"; };
		37D3B3A91EF3BCAE00308B4B /* Info.plist */ = {isa = PBXFileReference; lastKnownFileType = text.plist.xml; path = Info.plist; sourceTree = "<group>"; };
/* End PBXFileReference section */

/* Begin PBXFrameworksBuildPhase section */
		37D3B3811EF3BCAE00308B4B /* Frameworks */ = {
			isa = PBXFrameworksBuildPhase;
			buildActionMask = 2147483647;
			files = (
			);
			runOnlyForDeploymentPostprocessing = 0;
		};
		37D3B3951EF3BCAE00308B4B /* Frameworks */ = {
			isa = PBXFrameworksBuildPhase;
			buildActionMask = 2147483647;
			files = (
			);
			runOnlyForDeploymentPostprocessing = 0;
		};
		37D3B3A01EF3BCAE00308B4B /* Frameworks */ = {
			isa = PBXFrameworksBuildPhase;
			buildActionMask = 2147483647;
			files = (
			);
			runOnlyForDeploymentPostprocessing = 0;
		};
/* End PBXFrameworksBuildPhase section */

/* Begin PBXGroup section */
		37D3B37B1EF3BCAE00308B4B = {
			isa = PBXGroup;
			children = (
				37D3B3861EF3BCAE00308B4B /* CoreDataExample */,
				37D3B39B1EF3BCAE00308B4B /* CoreDataExampleTests */,
				37D3B3A61EF3BCAE00308B4B /* CoreDataExampleUITests */,
				37D3B3851EF3BCAE00308B4B /* Products */,
			);
			sourceTree = "<group>";
		};
		37D3B3851EF3BCAE00308B4B /* Products */ = {
			isa = PBXGroup;
			children = (
				37D3B3841EF3BCAE00308B4B /* CoreDataExample.app */,
				37D3B3981EF3BCAE00308B4B /* CoreDataExampleTests.xctest */,
				37D3B3A31EF3BCAE00308B4B /* CoreDataExampleUITests.xctest */,
			);
			name = Products;
			sourceTree = "<group>";
		};
		37D3B3861EF3BCAE00308B4B /* CoreDataExample */ = {
			isa = PBXGroup;
			children = (
				37D3B3871EF3BCAE00308B4B /* AppDelegate.swift */,
				37D3B3891EF3BCAE00308B4B /* ViewController.swift */,
				37D3B38E1EF3BCAE00308B4B /* Assets.xcassets */,
				37D3B3901EF3BCAE00308B4B /* Main.storyboard */,
				37D3B3931EF3BCAE00308B4B /* Info.plist */,
				37D3B38B1EF3BCAE00308B4B /* CoreDataExample.xcdatamodeld */,
				370F0A961EF7AE7200A1A5A9 /* AddEmployeeViewController.swift */,
			);
			path = CoreDataExample;
			sourceTree = "<group>";
		};
		37D3B39B1EF3BCAE00308B4B /* CoreDataExampleTests */ = {
			isa = PBXGroup;
			children = (
				37D3B39C1EF3BCAE00308B4B /* CoreDataExampleTests.swift */,
				37D3B39E1EF3BCAE00308B4B /* Info.plist */,
			);
			path = CoreDataExampleTests;
			sourceTree = "<group>";
		};
		37D3B3A61EF3BCAE00308B4B /* CoreDataExampleUITests */ = {
			isa = PBXGroup;
			children = (
				37D3B3A71EF3BCAE00308B4B /* CoreDataExampleUITests.swift */,
				37D3B3A91EF3BCAE00308B4B /* Info.plist */,
			);
			path = CoreDataExampleUITests;
			sourceTree = "<group>";
		};
/* End PBXGroup section */

/* Begin PBXNativeTarget section */
		37D3B3831EF3BCAE00308B4B /* CoreDataExample */ = {
			isa = PBXNativeTarget;
			buildConfigurationList = 37D3B3AC1EF3BCAE00308B4B /* Build configuration list for PBXNativeTarget "CoreDataExample" */;
			buildPhases = (
				37D3B3801EF3BCAE00308B4B /* Sources */,
				37D3B3811EF3BCAE00308B4B /* Frameworks */,
				37D3B3821EF3BCAE00308B4B /* Resources */,
			);
			buildRules = (
			);
			dependencies = (
			);
			name = CoreDataExample;
			productName = CoreDataExample;
			productReference = 37D3B3841EF3BCAE00308B4B /* CoreDataExample.app */;
			productType = "com.apple.product-type.application";
		};
		37D3B3971EF3BCAE00308B4B /* CoreDataExampleTests */ = {
			isa = PBXNativeTarget;
			buildConfigurationList = 37D3B3AF1EF3BCAE00308B4B /* Build configuration list for PBXNativeTarget "CoreDataExampleTests" */;
			buildPhases = (
				37D3B3941EF3BCAE00308B4B /* Sources */,
				37D3B3951EF3BCAE00308B4B /* Frameworks */,
				37D3B3961EF3BCAE00308B4B /* Resources */,
			);
			buildRules = (
			);
			dependencies = (
				37D3B39A1EF3BCAE00308B4B /* PBXTargetDependency */,
			);
			name = CoreDataExampleTests;
			productName = CoreDataExampleTests;
			productReference = 37D3B3981EF3BCAE00308B4B /* CoreDataExampleTests.xctest */;
			productType = "com.apple.product-type.bundle.unit-test";
		};
		37D3B3A21EF3BCAE00308B4B /* CoreDataExampleUITests */ = {
			isa = PBXNativeTarget;
			buildConfigurationList = 37D3B3B21EF3BCAE00308B4B /* Build configuration list for PBXNativeTarget "CoreDataExampleUITests" */;
			buildPhases = (
				37D3B39F1EF3BCAE00308B4B /* Sources */,
				37D3B3A01EF3BCAE00308B4B /* Frameworks */,
				37D3B3A11EF3BCAE00308B4B /* Resources */,
			);
			buildRules = (
			);
			dependencies = (
				37D3B3A51EF3BCAE00308B4B /* PBXTargetDependency */,
			);
			name = CoreDataExampleUITests;
			productName = CoreDataExampleUITests;
			productReference = 37D3B3A31EF3BCAE00308B4B /* CoreDataExampleUITests.xctest */;
			productType = "com.apple.product-type.bundle.ui-testing";
		};
/* End PBXNativeTarget section */

/* Begin PBXProject section */
		37D3B37C1EF3BCAE00308B4B /* Project object */ = {
			isa = PBXProject;
			attributes = {
				LastSwiftUpdateCheck = 0830;
				LastUpgradeCheck = 0830;
				ORGANIZATIONNAME = "avnish kumar";
				TargetAttributes = {
					37D3B3831EF3BCAE00308B4B = {
						CreatedOnToolsVersion = 8.3.2;
						ProvisioningStyle = Automatic;
					};
					37D3B3971EF3BCAE00308B4B = {
						CreatedOnToolsVersion = 8.3.2;
						ProvisioningStyle = Automatic;
						TestTargetID = 37D3B3831EF3BCAE00308B4B;
					};
					37D3B3A21EF3BCAE00308B4B = {
						CreatedOnToolsVersion = 8.3.2;
						ProvisioningStyle = Automatic;
						TestTargetID = 37D3B3831EF3BCAE00308B4B;
					};
				};
			};
			buildConfigurationList = 37D3B37F1EF3BCAE00308B4B /* Build configuration list for PBXProject "CoreDataExample" */;
			compatibilityVersion = "Xcode 3.2";
			developmentRegion = English;
			hasScannedForEncodings = 0;
			knownRegions = (
				en,
				Base,
			);
			mainGroup = 37D3B37B1EF3BCAE00308B4B;
			productRefGroup = 37D3B3851EF3BCAE00308B4B /* Products */;
			projectDirPath = "";
			projectRoot = "";
			targets = (
				37D3B3831EF3BCAE00308B4B /* CoreDataExample */,
				37D3B3971EF3BCAE00308B4B /* CoreDataExampleTests */,
				37D3B3A21EF3BCAE00308B4B /* CoreDataExampleUITests */,
			);
		};
/* End PBXProject section */

/* Begin PBXResourcesBuildPhase section */
		37D3B3821EF3BCAE00308B4B /* Resources */ = {
			isa = PBXResourcesBuildPhase;
			buildActionMask = 2147483647;
			files = (
				37D3B38F1EF3BCAE00308B4B /* Assets.xcassets in Resources */,
				37D3B3921EF3BCAE00308B4B /* Main.storyboard in Resources */,
			);
			runOnlyForDeploymentPostprocessing = 0;
		};
		37D3B3961EF3BCAE00308B4B /* Resources */ = {
			isa = PBXResourcesBuildPhase;
			buildActionMask = 2147483647;
			files = (
			);
			runOnlyForDeploymentPostprocessing = 0;
		};
		37D3B3A11EF3BCAE00308B4B /* Resources */ = {
			isa = PBXResourcesBuildPhase;
			buildActionMask = 2147483647;
			files = (
			);
			runOnlyForDeploymentPostprocessing = 0;
		};
/* End PBXResourcesBuildPhase section */

/* Begin PBXSourcesBuildPhase section */
		37D3B3801EF3BCAE00308B4B /* Sources */ = {
			isa = PBXSourcesBuildPhase;
			buildActionMask = 2147483647;
			files = (
				37D3B38A1EF3BCAE00308B4B /* ViewController.swift in Sources */,
				37D3B3881EF3BCAE00308B4B /* AppDelegate.swift in Sources */,
				370F0A971EF7AE7200A1A5A9 /* AddEmployeeViewController.swift in Sources */,
				37D3B38D1EF3BCAE00308B4B /* CoreDataExample.xcdatamodeld in Sources */,
			);
			runOnlyForDeploymentPostprocessing = 0;
		};
		37D3B3941EF3BCAE00308B4B /* Sources */ = {
			isa = PBXSourcesBuildPhase;
			buildActionMask = 2147483647;
			files = (
				37D3B39D1EF3BCAE00308B4B /* CoreDataExampleTests.swift in Sources */,
			);
			runOnlyForDeploymentPostprocessing = 0;
		};
		37D3B39F1EF3BCAE00308B4B /* Sources */ = {
			isa = PBXSourcesBuildPhase;
			buildActionMask = 2147483647;
			files = (
				37D3B3A81EF3BCAE00308B4B /* CoreDataExampleUITests.swift in Sources */,
			);
			runOnlyForDeploymentPostprocessing = 0;
		};
/* End PBXSourcesBuildPhase section */

/* Begin PBXTargetDependency section */
		37D3B39A1EF3BCAE00308B4B /* PBXTargetDependency */ = {
			isa = PBXTargetDependency;
			target = 37D3B3831EF3BCAE00308B4B /* CoreDataExample */;
			targetProxy = 37D3B3991EF3BCAE00308B4B /* PBXContainerItemProxy */;
		};
		37D3B3A51EF3BCAE00308B4B /* PBXTargetDependency */ = {
			isa = PBXTargetDependency;
			target = 37D3B3831EF3BCAE00308B4B /* CoreDataExample */;
			targetProxy = 37D3B3A41EF3BCAE00308B4B /* PBXContainerItemProxy */;
		};
/* End PBXTargetDependency section */

/* Begin PBXVariantGroup section */
		37D3B3901EF3BCAE00308B4B /* Main.storyboard */ = {
			isa = PBXVariantGroup;
			children = (
				37D3B3911EF3BCAE00308B4B /* Base */,
			);
			name = Main.storyboard;
			sourceTree = "<group>";
		};
/* End PBXVariantGroup section */

/* Begin XCBuildConfiguration section */
		37D3B3AA1EF3BCAE00308B4B /* Debug */ = {
			isa = XCBuildConfiguration;
			buildSettings = {
				ALWAYS_SEARCH_USER_PATHS = NO;
				CLANG_ANALYZER_NONNULL = YES;
				CLANG_ANALYZER_NUMBER_OBJECT_CONVERSION = YES_AGGRESSIVE;
				CLANG_CXX_LANGUAGE_STANDARD = "gnu++0x";
				CLANG_CXX_LIBRARY = "libc++";
				CLANG_ENABLE_MODULES = YES;
				CLANG_ENABLE_OBJC_ARC = YES;
				CLANG_WARN_BOOL_CONVERSION = YES;
				CLANG_WARN_CONSTANT_CONVERSION = YES;
				CLANG_WARN_DIRECT_OBJC_ISA_USAGE = YES_ERROR;
				CLANG_WARN_DOCUMENTATION_COMMENTS = YES;
				CLANG_WARN_EMPTY_BODY = YES;
				CLANG_WARN_ENUM_CONVERSION = YES;
				CLANG_WARN_INFINITE_RECURSION = YES;
				CLANG_WARN_INT_CONVERSION = YES;
				CLANG_WARN_OBJC_ROOT_CLASS = YES_ERROR;
				CLANG_WARN_SUSPICIOUS_MOVE = YES;
				CLANG_WARN_UNREACHABLE_CODE = YES;
				CLANG_WARN__DUPLICATE_METHOD_MATCH = YES;
				CODE_SIGN_IDENTITY = "-";
				COPY_PHASE_STRIP = NO;
				DEBUG_INFORMATION_FORMAT = dwarf;
				ENABLE_STRICT_OBJC_MSGSEND = YES;
				ENABLE_TESTABILITY = YES;
				GCC_C_LANGUAGE_STANDARD = gnu99;
				GCC_DYNAMIC_NO_PIC = NO;
				GCC_NO_COMMON_BLOCKS = YES;
				GCC_OPTIMIZATION_LEVEL = 0;
				GCC_PREPROCESSOR_DEFINITIONS = (
					"DEBUG=1",
					"$(inherited)",
				);
				GCC_WARN_64_TO_32_BIT_CONVERSION = YES;
				GCC_WARN_ABOUT_RETURN_TYPE = YES_ERROR;
				GCC_WARN_UNDECLARED_SELECTOR = YES;
				GCC_WARN_UNINITIALIZED_AUTOS = YES_AGGRESSIVE;
				GCC_WARN_UNUSED_FUNCTION = YES;
				GCC_WARN_UNUSED_VARIABLE = YES;
				MACOSX_DEPLOYMENT_TARGET = 10.12;
				MTL_ENABLE_DEBUG_INFO = YES;
				ONLY_ACTIVE_ARCH = YES;
				SDKROOT = macosx;
				SWIFT_ACTIVE_COMPILATION_CONDITIONS = DEBUG;
				SWIFT_OPTIMIZATION_LEVEL = "-Onone";
			};
			name = Debug;
		};
		37D3B3AB1EF3BCAE00308B4B /* Release */ = {
			isa = XCBuildConfiguration;
			buildSettings = {
				ALWAYS_SEARCH_USER_PATHS = NO;
				CLANG_ANALYZER_NONNULL = YES;
				CLANG_ANALYZER_NUMBER_OBJECT_CONVERSION = YES_AGGRESSIVE;
				CLANG_CXX_LANGUAGE_STANDARD = "gnu++0x";
				CLANG_CXX_LIBRARY = "libc++";
				CLANG_ENABLE_MODULES = YES;
				CLANG_ENABLE_OBJC_ARC = YES;
				CLANG_WARN_BOOL_CONVERSION = YES;
				CLANG_WARN_CONSTANT_CONVERSION = YES;
				CLANG_WARN_DIRECT_OBJC_ISA_USAGE = YES_ERROR;
				CLANG_WARN_DOCUMENTATION_COMMENTS = YES;
				CLANG_WARN_EMPTY_BODY = YES;
				CLANG_WARN_ENUM_CONVERSION = YES;
				CLANG_WARN_INFINITE_RECURSION = YES;
				CLANG_WARN_INT_CONVERSION = YES;
				CLANG_WARN_OBJC_ROOT_CLASS = YES_ERROR;
				CLANG_WARN_SUSPICIOUS_MOVE = YES;
				CLANG_WARN_UNREACHABLE_CODE = YES;
				CLANG_WARN__DUPLICATE_METHOD_MATCH = YES;
				CODE_SIGN_IDENTITY = "-";
				COPY_PHASE_STRIP = NO;
				DEBUG_INFORMATION_FORMAT = "dwarf-with-dsym";
				ENABLE_NS_ASSERTIONS = NO;
				ENABLE_STRICT_OBJC_MSGSEND = YES;
				GCC_C_LANGUAGE_STANDARD = gnu99;
				GCC_NO_COMMON_BLOCKS = YES;
				GCC_WARN_64_TO_32_BIT_CONVERSION = YES;
				GCC_WARN_ABOUT_RETURN_TYPE = YES_ERROR;
				GCC_WARN_UNDECLARED_SELECTOR = YES;
				GCC_WARN_UNINITIALIZED_AUTOS = YES_AGGRESSIVE;
				GCC_WARN_UNUSED_FUNCTION = YES;
				GCC_WARN_UNUSED_VARIABLE = YES;
				MACOSX_DEPLOYMENT_TARGET = 10.12;
				MTL_ENABLE_DEBUG_INFO = NO;
				SDKROOT = macosx;
				SWIFT_OPTIMIZATION_LEVEL = "-Owholemodule";
			};
			name = Release;
		};
		37D3B3AD1EF3BCAE00308B4B /* Debug */ = {
			isa = XCBuildConfiguration;
			buildSettings = {
				ASSETCATALOG_COMPILER_APPICON_NAME = AppIcon;
				COMBINE_HIDPI_IMAGES = YES;
				INFOPLIST_FILE = CoreDataExample/Info.plist;
				LD_RUNPATH_SEARCH_PATHS = "$(inherited) @executable_path/../Frameworks";
				PRODUCT_BUNDLE_IDENTIFIER = com.exilant.CoreDataExample;
				PRODUCT_NAME = "$(TARGET_NAME)";
				SWIFT_VERSION = 3.0;
			};
			name = Debug;
		};
		37D3B3AE1EF3BCAE00308B4B /* Release */ = {
			isa = XCBuildConfiguration;
			buildSettings = {
				ASSETCATALOG_COMPILER_APPICON_NAME = AppIcon;
				COMBINE_HIDPI_IMAGES = YES;
				INFOPLIST_FILE = CoreDataExample/Info.plist;
				LD_RUNPATH_SEARCH_PATHS = "$(inherited) @executable_path/../Frameworks";
				PRODUCT_BUNDLE_IDENTIFIER = com.exilant.CoreDataExample;
				PRODUCT_NAME = "$(TARGET_NAME)";
				SWIFT_VERSION = 3.0;
			};
			name = Release;
		};
		37D3B3B01EF3BCAE00308B4B /* Debug */ = {
			isa = XCBuildConfiguration;
			buildSettings = {
				ALWAYS_EMBED_SWIFT_STANDARD_LIBRARIES = YES;
				BUNDLE_LOADER = "$(TEST_HOST)";
				COMBINE_HIDPI_IMAGES = YES;
				INFOPLIST_FILE = CoreDataExampleTests/Info.plist;
				LD_RUNPATH_SEARCH_PATHS = "$(inherited) @executable_path/../Frameworks @loader_path/../Frameworks";
				PRODUCT_BUNDLE_IDENTIFIER = com.exilant.CoreDataExampleTests;
				PRODUCT_NAME = "$(TARGET_NAME)";
				SWIFT_VERSION = 3.0;
				TEST_HOST = "$(BUILT_PRODUCTS_DIR)/CoreDataExample.app/Contents/MacOS/CoreDataExample";
			};
			name = Debug;
		};
		37D3B3B11EF3BCAE00308B4B /* Release */ = {
			isa = XCBuildConfiguration;
			buildSettings = {
				ALWAYS_EMBED_SWIFT_STANDARD_LIBRARIES = YES;
				BUNDLE_LOADER = "$(TEST_HOST)";
				COMBINE_HIDPI_IMAGES = YES;
				INFOPLIST_FILE = CoreDataExampleTests/Info.plist;
				LD_RUNPATH_SEARCH_PATHS = "$(inherited) @executable_path/../Frameworks @loader_path/../Frameworks";
				PRODUCT_BUNDLE_IDENTIFIER = com.exilant.CoreDataExampleTests;
				PRODUCT_NAME = "$(TARGET_NAME)";
				SWIFT_VERSION = 3.0;
				TEST_HOST = "$(BUILT_PRODUCTS_DIR)/CoreDataExample.app/Contents/MacOS/CoreDataExample";
			};
			name = Release;
		};
		37D3B3B31EF3BCAE00308B4B /* Debug */ = {
			isa = XCBuildConfiguration;
			buildSettings = {
				ALWAYS_EMBED_SWIFT_STANDARD_LIBRARIES = YES;
				COMBINE_HIDPI_IMAGES = YES;
				INFOPLIST_FILE = CoreDataExampleUITests/Info.plist;
				LD_RUNPATH_SEARCH_PATHS = "$(inherited) @executable_path/../Frameworks @loader_path/../Frameworks";
				PRODUCT_BUNDLE_IDENTIFIER = com.exilant.CoreDataExampleUITests;
				PRODUCT_NAME = "$(TARGET_NAME)";
				SWIFT_VERSION = 3.0;
				TEST_TARGET_NAME = CoreDataExample;
			};
			name = Debug;
		};
		37D3B3B41EF3BCAE00308B4B /* Release */ = {
			isa = XCBuildConfiguration;
			buildSettings = {
				ALWAYS_EMBED_SWIFT_STANDARD_LIBRARIES = YES;
				COMBINE_HIDPI_IMAGES = YES;
				INFOPLIST_FILE = CoreDataExampleUITests/Info.plist;
				LD_RUNPATH_SEARCH_PATHS = "$(inherited) @executable_path/../Frameworks @loader_path/../Frameworks";
				PRODUCT_BUNDLE_IDENTIFIER = com.exilant.CoreDataExampleUITests;
				PRODUCT_NAME = "$(TARGET_NAME)";
				SWIFT_VERSION = 3.0;
				TEST_TARGET_NAME = CoreDataExample;
			};
			name = Release;
		};
/* End XCBuildConfiguration section */

/* Begin XCConfigurationList section */
		37D3B37F1EF3BCAE00308B4B /* Build configuration list for PBXProject "CoreDataExample" */ = {
			isa = XCConfigurationList;
			buildConfigurations = (
				37D3B3AA1EF3BCAE00308B4B /* Debug */,
				37D3B3AB1EF3BCAE00308B4B /* Release */,
			);
			defaultConfigurationIsVisible = 0;
			defaultConfigurationName = Release;
		};
		37D3B3AC1EF3BCAE00308B4B /* Build configuration list for PBXNativeTarget "CoreDataExample" */ = {
			isa = XCConfigurationList;
			buildConfigurations = (
				37D3B3AD1EF3BCAE00308B4B /* Debug */,
				37D3B3AE1EF3BCAE00308B4B /* Release */,
			);
			defaultConfigurationIsVisible = 0;
			defaultConfigurationName = Release;
		};
		37D3B3AF1EF3BCAE00308B4B /* Build configuration list for PBXNativeTarget "CoreDataExampleTests" */ = {
			isa = XCConfigurationList;
			buildConfigurations = (
				37D3B3B01EF3BCAE00308B4B /* Debug */,
				37D3B3B11EF3BCAE00308B4B /* Release */,
			);
			defaultConfigurationIsVisible = 0;
			defaultConfigurationName = Release;
		};
		37D3B3B21EF3BCAE00308B4B /* Build configuration list for PBXNativeTarget "CoreDataExampleUITests" */ = {
			isa = XCConfigurationList;
			buildConfigurations = (
				37D3B3B31EF3BCAE00308B4B /* Debug */,
				37D3B3B41EF3BCAE00308B4B /* Release */,
			);
			defaultConfigurationIsVisible = 0;
			defaultConfigurationName = Release;
		};
/* End XCConfigurationList section */

/* Begin XCVersionGroup section */
		37D3B38B1EF3BCAE00308B4B /* CoreDataExample.xcdatamodeld */ = {
			isa = XCVersionGroup;
			children = (
				37D3B38C1EF3BCAE00308B4B /* CoreDataExample.xcdatamodel */,
			);
			currentVersion = 37D3B38C1EF3BCAE00308B4B /* CoreDataExample.xcdatamodel */;
			path = CoreDataExample.xcdatamodeld;
			sourceTree = "<group>";
			versionGroupType = wrapper.xcdatamodel;
		};
/* End XCVersionGroup section */
	};
	rootObject = 37D3B37C1EF3BCAE00308B4B /* Project object */;
}
